
Microsoft Visual Studio Solution File, Format Version 12.00
# Visual Studio Version 16
VisualStudioVersion = 16.0.30621.155
MinimumVisualStudioVersion = 10.0.40219.1
Project("{FAE04EC0-301F-11D3-BF4B-00C04F79EFBC}") = "TestWithUnitTest", "TestWithUnitTest\TestWithUnitTest.csproj", "{4B8EEF13-ECD7-498F-9646-9BD9DF606C26}"
EndProject
Project("{FAE04EC0-301F-11D3-BF4B-00C04F79EFBC}") = "TestWithUnitTest.Tests", "TestWithUnitTest.Tests\TestWithUnitTest.Tests.csproj", "{709FB60C-B5FE-4F9A-8733-EAB967D9C5E9}"
EndProject
Global
	GlobalSection(SolutionConfigurationPlatforms) = preSolution
		Debug|Any CPU = Debug|Any CPU
		Release|Any CPU = Release|Any CPU
	EndGlobalSection
	GlobalSection(ProjectConfigurationPlatforms) = postSolution
		{4B8EEF13-ECD7-498F-9646-9BD9DF606C26}.Debug|Any CPU.ActiveCfg = Debug|Any CPU
		{4B8EEF13-ECD7-498F-9646-9BD9DF606C26}.Debug|Any CPU.Build.0 = Debug|Any CPU
		{4B8EEF13-ECD7-498F-9646-9BD9DF606C26}.Release|Any CPU.ActiveCfg = Release|Any CPU
		{4B8EEF13-ECD7-498F-9646-9BD9DF606C26}.Release|Any CPU.Build.0 = Release|Any CPU
		{709FB60C-B5FE-4F9A-8733-EAB967D9C5E9}.Debug|Any CPU.ActiveCfg = Debug|Any CPU
		{709FB60C-B5FE-4F9A-8733-EAB967D9C5E9}.Debug|Any CPU.Build.0 = Debug|Any CPU
		{709FB60C-B5FE-4F9A-8733-EAB967D9C5E9}.Release|Any CPU.ActiveCfg = Release|Any CPU
		{709FB60C-B5FE-4F9A-8733-EAB967D9C5E9}.Release|Any CPU.Build.0 = Release|Any CPU
	EndGlobalSection
	GlobalSection(SolutionProperties) = preSolution
		HideSolutionNode = FALSE
	EndGlobalSection
	GlobalSection(ExtensibilityGlobals) = postSolution
		SolutionGuid = {372FD218-0763-42AB-BCE0-D5415D634D1D}
	EndGlobalSection
EndGlobal
